
Microsoft Visual Studio Solution File, Format Version 12.00
# Visual Studio Version 16
VisualStudioVersion = 16.0.31321.278
MinimumVisualStudioVersion = 10.0.40219.1
Project("{9A19103F-16F7-4668-BE54-9A1E7A4F7556}") = "UrlShortnerAPI", "SampleApi\UrlShortnerAPI.csproj", "{C576E7EB-E01A-4692-AE9D-C84A65F8A7E9}"
EndProject
Project("{9A19103F-16F7-4668-BE54-9A1E7A4F7556}") = "TinyUrlTest", "TinyUrlTest\TinyUrlTest.csproj", "{8450B768-462B-413E-BCED-EE1B89058DE2}"
EndProject
Project("{9A19103F-16F7-4668-BE54-9A1E7A4F7556}") = "TinyUrlBL", "TinyUrlBL\TinyUrlBL.csproj", "{9004FFDA-4AA5-4DC2-BE21-0243BA32266F}"
EndProject
Global
	GlobalSection(SolutionConfigurationPlatforms) = preSolution
		Debug|Any CPU = Debug|Any CPU
		Release|Any CPU = Release|Any CPU
	EndGlobalSection
	GlobalSection(ProjectConfigurationPlatforms) = postSolution
		{C576E7EB-E01A-4692-AE9D-C84A65F8A7E9}.Debug|Any CPU.ActiveCfg = Debug|Any CPU
		{C576E7EB-E01A-4692-AE9D-C84A65F8A7E9}.Debug|Any CPU.Build.0 = Debug|Any CPU
		{C576E7EB-E01A-4692-AE9D-C84A65F8A7E9}.Release|Any CPU.ActiveCfg = Release|Any CPU
		{C576E7EB-E01A-4692-AE9D-C84A65F8A7E9}.Release|Any CPU.Build.0 = Release|Any CPU
		{8450B768-462B-413E-BCED-EE1B89058DE2}.Debug|Any CPU.ActiveCfg = Debug|Any CPU
		{8450B768-462B-413E-BCED-EE1B89058DE2}.Debug|Any CPU.Build.0 = Debug|Any CPU
		{8450B768-462B-413E-BCED-EE1B89058DE2}.Release|Any CPU.ActiveCfg = Release|Any CPU
		{8450B768-462B-413E-BCED-EE1B89058DE2}.Release|Any CPU.Build.0 = Release|Any CPU
		{9004FFDA-4AA5-4DC2-BE21-0243BA32266F}.Debug|Any CPU.ActiveCfg = Debug|Any CPU
		{9004FFDA-4AA5-4DC2-BE21-0243BA32266F}.Debug|Any CPU.Build.0 = Debug|Any CPU
		{9004FFDA-4AA5-4DC2-BE21-0243BA32266F}.Release|Any CPU.ActiveCfg = Release|Any CPU
		{9004FFDA-4AA5-4DC2-BE21-0243BA32266F}.Release|Any CPU.Build.0 = Release|Any CPU
	EndGlobalSection
	GlobalSection(SolutionProperties) = preSolution
		HideSolutionNode = FALSE
	EndGlobalSection
	GlobalSection(ExtensibilityGlobals) = postSolution
		SolutionGuid = {54CF5CF1-051D-4546-AD32-E8055D46EE84}
	EndGlobalSection
EndGlobal
